
Microsoft Visual Studio Solution File, Format Version 12.00
# Visual Studio Version 17
VisualStudioVersion = 17.3.32922.545
MinimumVisualStudioVersion = 10.0.40219.1
Project("{FAE04EC0-301F-11D3-BF4B-00C04F79EFBC}") = "Dangeon", "Dangeon\Dangeon.csproj", "{75CEAFD9-8009-40F9-AC97-48D6DE43AC60}"
EndProject
Global
	GlobalSection(SolutionConfigurationPlatforms) = preSolution
		Debug|Any CPU = Debug|Any CPU
		Release|Any CPU = Release|Any CPU
	EndGlobalSection
	GlobalSection(ProjectConfigurationPlatforms) = postSolution
		{75CEAFD9-8009-40F9-AC97-48D6DE43AC60}.Debug|Any CPU.ActiveCfg = Debug|Any CPU
		{75CEAFD9-8009-40F9-AC97-48D6DE43AC60}.Debug|Any CPU.Build.0 = Debug|Any CPU
		{75CEAFD9-8009-40F9-AC97-48D6DE43AC60}.Release|Any CPU.ActiveCfg = Release|Any CPU
		{75CEAFD9-8009-40F9-AC97-48D6DE43AC60}.Release|Any CPU.Build.0 = Release|Any CPU
	EndGlobalSection
	GlobalSection(SolutionProperties) = preSolution
		HideSolutionNode = FALSE
	EndGlobalSection
	GlobalSection(ExtensibilityGlobals) = postSolution
		SolutionGuid = {0CB80316-92CC-461B-B82E-412032EC74B1}
	EndGlobalSection
EndGlobal
